<Solution>
  <Folder Name="src" Path="/src/">
    <Folder Name="Api" Path="/src/Api/">
      <Project Path="src/Api/UrlShortener.Api.csproj" />
    </Folder>

    <Folder Name="Core" Path="/src/UrlShortener.Core/">
      <Project Path="src/UrlShortener.Core/UrlShortener.Core.csproj" />
    </Folder>
  </Folder>

  <Folder Name="tests" Path="/tests/">
    <Project Path="tests/UrlShortener.Api.Core.Test/UrlShortener.Api.Core.Test.csproj" />
  </Folder>
</Solution>
