<Solution>
  <Folder Name="/src/">

    <Folder Name="/src/Api/">
      <Project Path="src/Api/UrlShortener.Api.csproj" />
    </Folder>

    <Folder Name="/src/UrlShortener.Core/">
      <Project Path="src/UrlShortener.Core/UrlShortener.Core.csproj" />
    </Folder>

  </Folder>

  <Folder Name="/tests/">
    <Project Path="tests/UrlShortener.Api.Core.Test/UrlShortener.Api.Core.Test.csproj" />
  </Folder>
</Solution>